// !$*UTF8*$!
{
	archiveVersion = 1;
	classes = {
	};
	objectVersion = 56;
	objects = {

/* Begin PBXBuildFile section */
		A1000011 /* HandsFreeMetronomeApp.swift in Sources */ = {isa = PBXBuildFile; fileRef = A1000001 /* HandsFreeMetronomeApp.swift */; };
		A1000012 /* ContentView.swift in Sources */ = {isa = PBXBuildFile; fileRef = A1000002 /* ContentView.swift */; };
		A1000013 /* MetronomeEngine.swift in Sources */ = {isa = PBXBuildFile; fileRef = A1000003 /* MetronomeEngine.swift */; };
		A1000014 /* VoiceController.swift in Sources */ = {isa = PBXBuildFile; fileRef = A1000004 /* VoiceController.swift */; };
		A1000015 /* Assets.xcassets in Resources */ = {isa = PBXBuildFile; fileRef = A1000005 /* Assets.xcassets */; };
		A1000016 /* Preview Content/Preview Assets.xcassets in Resources */ = {isa = PBXBuildFile; fileRef = A1000006 /* Preview Content/Preview Assets.xcassets */; };
		A1000098 /* TempoDetector.swift in Sources */ = {isa = PBXBuildFile; fileRef = A1000099 /* TempoDetector.swift */; };
		A1000103 /* InfoPlist.strings in Resources */ = {isa = PBXBuildFile; fileRef = A1000102 /* InfoPlist.strings */; };
		A1000104 /* TunerEngine.swift in Sources */ = {isa = PBXBuildFile; fileRef = A1000105 /* TunerEngine.swift */; };
		A1000200 /* Localizable.xcstrings in Resources */ = {isa = PBXBuildFile; fileRef = A1000201 /* Localizable.xcstrings */; };
/* End PBXBuildFile section */

/* Begin PBXFileReference section */
		A1000001 /* HandsFreeMetronomeApp.swift */ = {isa = PBXFileReference; lastKnownFileType = sourcecode.swift; path = HandsFreeMetronomeApp.swift; sourceTree = "<group>"; };
		A1000002 /* ContentView.swift */ = {isa = PBXFileReference; lastKnownFileType = sourcecode.swift; path = ContentView.swift; sourceTree = "<group>"; };
		A1000003 /* MetronomeEngine.swift */ = {isa = PBXFileReference; lastKnownFileType = sourcecode.swift; path = MetronomeEngine.swift; sourceTree = "<group>"; };
		A1000004 /* VoiceController.swift */ = {isa = PBXFileReference; lastKnownFileType = sourcecode.swift; path = VoiceController.swift; sourceTree = "<group>"; };
		A1000005 /* Assets.xcassets */ = {isa = PBXFileReference; lastKnownFileType = folder.assetcatalog; path = Assets.xcassets; sourceTree = "<group>"; };
		A1000006 /* Preview Content/Preview Assets.xcassets */ = {isa = PBXFileReference; lastKnownFileType = folder.assetcatalog; path = "Preview Content/Preview Assets.xcassets"; sourceTree = "<group>"; };
		A1000007 /* Info.plist */ = {isa = PBXFileReference; lastKnownFileType = text.plist.xml; path = Info.plist; sourceTree = "<group>"; };
		A1000010 /* HandsFreeMetronome.app */ = {isa = PBXFileReference; explicitFileType = wrapper.application; includeInIndex = 0; path = HandsFreeMetronome.app; sourceTree = BUILT_PRODUCTS_DIR; };
		A1000099 /* TempoDetector.swift */ = {isa = PBXFileReference; lastKnownFileType = sourcecode.swift; path = TempoDetector.swift; sourceTree = "<group>"; };
		A1000100 /* en */ = {isa = PBXFileReference; lastKnownFileType = text.plist.strings; name = en; path = en.lproj/InfoPlist.strings; sourceTree = "<group>"; };
		A1000105 /* TunerEngine.swift */ = {isa = PBXFileReference; lastKnownFileType = sourcecode.swift; path = TunerEngine.swift; sourceTree = "<group>"; };
		A1000201 /* Localizable.xcstrings */ = {isa = PBXFileReference; lastKnownFileType = text.json.xcstrings; path = Localizable.xcstrings; sourceTree = "<group>"; };
/* End PBXFileReference section */

/* Begin PBXFrameworksBuildPhase section */
		A1000020 /* Frameworks */ = {
			isa = PBXFrameworksBuildPhase;
			buildActionMask = 2147483647;
			files = (
			);
			runOnlyForDeploymentPostprocessing = 0;
		};
/* End PBXFrameworksBuildPhase section */

/* Begin PBXGroup section */
		A1000030 = {
			isa = PBXGroup;
			children = (
				A1000032 /* HandsFreeMetronome */,
				A1000031 /* Products */,
			);
			sourceTree = "<group>";
		};
		A1000031 /* Products */ = {
			isa = PBXGroup;
			children = (
				A1000010 /* HandsFreeMetronome.app */,
			);
			name = Products;
			sourceTree = "<group>";
		};
		A1000032 /* HandsFreeMetronome */ = {
			isa = PBXGroup;
			children = (
				A1000001 /* HandsFreeMetronomeApp.swift */,
				A1000002 /* ContentView.swift */,
				A1000003 /* MetronomeEngine.swift */,
				A1000004 /* VoiceController.swift */,
				A1000099 /* TempoDetector.swift */,
				A1000105 /* TunerEngine.swift */,
				A1000005 /* Assets.xcassets */,
				A1000006 /* Preview Content/Preview Assets.xcassets */,
				A1000007 /* Info.plist */,
				A1000102 /* InfoPlist.strings */,
				A1000201 /* Localizable.xcstrings */,
			);
			path = HandsFreeMetronome;
			sourceTree = "<group>";
		};
/* End PBXGroup section */

/* Begin PBXNativeTarget section */
		A1000040 /* HandsFreeMetronome */ = {
			isa = PBXNativeTarget;
			buildConfigurationList = A1000060 /* Build configuration list for PBXNativeTarget "HandsFreeMetronome" */;
			buildPhases = (
				A1000050 /* Sources */,
				A1000020 /* Frameworks */,
				A1000051 /* Resources */,
			);
			buildRules = (
			);
			dependencies = (
			);
			name = HandsFreeMetronome;
			productName = HandsFreeMetronome;
			productReference = A1000010 /* HandsFreeMetronome.app */;
			productType = "com.apple.product-type.application";
		};
/* End PBXNativeTarget section */

/* Begin PBXProject section */
		A1000070 /* Project object */ = {
			isa = PBXProject;
			attributes = {
				BuildIndependentTargetsInParallel = 1;
				LastSwiftUpdateCheck = 1530;
				LastUpgradeCheck = 1530;
				TargetAttributes = {
					A1000040 = {
						CreatedOnToolsVersion = 15.3;
					};
				};
			};
			buildConfigurationList = A1000073 /* Build configuration list for PBXProject "HandsFreeMetronome" */;
			compatibilityVersion = "Xcode 14.0";
			developmentRegion = en;
			hasScannedForEncodings = 0;
			knownRegions = (
				en,
				Base,
			);
			mainGroup = A1000030;
			productRefGroup = A1000031 /* Products */;
			projectDirPath = "";
			projectRoot = "";
			targets = (
				A1000040 /* HandsFreeMetronome */,
			);
		};
/* End PBXProject section */

/* Begin PBXResourcesBuildPhase section */
		A1000051 /* Resources */ = {
			isa = PBXResourcesBuildPhase;
			buildActionMask = 2147483647;
			files = (
				A1000015 /* Assets.xcassets in Resources */,
				A1000016 /* Preview Content/Preview Assets.xcassets in Resources */,
				A1000103 /* InfoPlist.strings in Resources */,
				A1000200 /* Localizable.xcstrings in Resources */,
			);
			runOnlyForDeploymentPostprocessing = 0;
		};
/* End PBXResourcesBuildPhase section */

/* Begin PBXSourcesBuildPhase section */
		A1000050 /* Sources */ = {
			isa = PBXSourcesBuildPhase;
			buildActionMask = 2147483647;
			files = (
				A1000011 /* HandsFreeMetronomeApp.swift in Sources */,
				A1000012 /* ContentView.swift in Sources */,
				A1000013 /* MetronomeEngine.swift in Sources */,
				A1000014 /* VoiceController.swift in Sources */,
				A1000098 /* TempoDetector.swift in Sources */,
				A1000104 /* TunerEngine.swift in Sources */,
			);
			runOnlyForDeploymentPostprocessing = 0;
		};
/* End PBXSourcesBuildPhase section */

/* Begin PBXVariantGroup section */
		A1000102 /* InfoPlist.strings */ = {
			isa = PBXVariantGroup;
			children = (
				A1000100 /* en */,
			);
			name = InfoPlist.strings;
			sourceTree = "<group>";
		};
/* End PBXVariantGroup section */

/* Begin XCBuildConfiguration section */
		A1000061 /* Debug */ = {
			isa = XCBuildConfiguration;
			buildSettings = {
				ALWAYS_SEARCH_USER_PATHS = NO;
				CLANG_ANALYZER_NONNULL = YES;
				CLANG_ENABLE_MODULES = YES;
				CLANG_ENABLE_OBJC_ARC = YES;
				COPY_PHASE_STRIP = NO;
				DEBUG_INFORMATION_FORMAT = dwarf;
				ENABLE_STRICT_OBJC_MSGSEND = YES;
				ENABLE_TESTABILITY = YES;
				GCC_DYNAMIC_NO_PIC = NO;
				GCC_OPTIMIZATION_LEVEL = 0;
				GCC_PREPROCESSOR_DEFINITIONS = (
					"DEBUG=1",
					"$(inherited)",
				);
				MTL_ENABLE_DEBUG_INFO = INCLUDE_SOURCE;
				ONLY_ACTIVE_ARCH = YES;
				SDKROOT = iphoneos;
				SWIFT_ACTIVE_COMPILATION_CONDITIONS = DEBUG;
				SWIFT_OPTIMIZATION_LEVEL = "-Onone";
			};
			name = Debug;
		};
		A1000062 /* Release */ = {
			isa = XCBuildConfiguration;
			buildSettings = {
				ALWAYS_SEARCH_USER_PATHS = NO;
				CLANG_ENABLE_MODULES = YES;
				CLANG_ENABLE_OBJC_ARC = YES;
				COPY_PHASE_STRIP = NO;
				DEBUG_INFORMATION_FORMAT = "dwarf-with-dsym";
				ENABLE_NS_ASSERTIONS = NO;
				MTL_ENABLE_DEBUG_INFO = NO;
				SDKROOT = iphoneos;
				SWIFT_COMPILATION_MODE = wholemodule;
				SWIFT_OPTIMIZATION_LEVEL = "-O";
				VALIDATE_PRODUCT = YES;
			};
			name = Release;
		};
		A1000064 /* Debug */ = {
			isa = XCBuildConfiguration;
			buildSettings = {
				ASSETCATALOG_COMPILER_APPICON_NAME = AppIcon;
				ASSETCATALOG_COMPILER_GLOBAL_ACCENT_COLOR_NAME = AccentColor;
				CODE_SIGN_STYLE = Automatic;
				CURRENT_PROJECT_VERSION = 1;
				DEVELOPMENT_ASSET_PATHS = "\"HandsFreeMetronome/Preview Content\"";
				DEVELOPMENT_TEAM = QGAQ3AY3R3;
				ENABLE_PREVIEWS = YES;
				GENERATE_INFOPLIST_FILE = YES;
				INFOPLIST_FILE = HandsFreeMetronome/Info.plist;
				INFOPLIST_KEY_CFBundleDisplayName = "Not My Tempo";
				INFOPLIST_KEY_NSMicrophoneUsageDescription = "This metronome listens for your voice commands (like \"start\" and \"faster\") and can detect the tempo of music you play nearby, so you can control it without touching the screen.";
				INFOPLIST_KEY_NSSpeechRecognitionUsageDescription = "Speech recognition is used to understand hands-free voice commands. Recognition runs on-device.";
				INFOPLIST_KEY_UISupportedInterfaceOrientations = "UIInterfaceOrientationPortrait UIInterfaceOrientationLandscapeLeft UIInterfaceOrientationLandscapeRight";
				IPHONEOS_DEPLOYMENT_TARGET = 18.0;
				LD_RUNPATH_SEARCH_PATHS = (
					"$(inherited)",
					"@executable_path/Frameworks",
				);
				MARKETING_VERSION = 1.0.2;
				PRODUCT_BUNDLE_IDENTIFIER = com.leeo.HandsFreeMetronome;
				PRODUCT_NAME = "$(TARGET_NAME)";
				SUPPORTED_PLATFORMS = "iphoneos iphonesimulator";
				SUPPORTS_MACCATALYST = NO;
				SWIFT_EMIT_LOC_STRINGS = YES;
				SWIFT_VERSION = 5.0;
				TARGETED_DEVICE_FAMILY = 1;
			};
			name = Debug;
		};
		A1000065 /* Release */ = {
			isa = XCBuildConfiguration;
			buildSettings = {
				ASSETCATALOG_COMPILER_APPICON_NAME = AppIcon;
				ASSETCATALOG_COMPILER_GLOBAL_ACCENT_COLOR_NAME = AccentColor;
				CODE_SIGN_STYLE = Automatic;
				CURRENT_PROJECT_VERSION = 1;
				DEVELOPMENT_ASSET_PATHS = "\"HandsFreeMetronome/Preview Content\"";
				DEVELOPMENT_TEAM = QGAQ3AY3R3;
				ENABLE_PREVIEWS = YES;
				GENERATE_INFOPLIST_FILE = YES;
				INFOPLIST_FILE = HandsFreeMetronome/Info.plist;
				INFOPLIST_KEY_CFBundleDisplayName = "Not My Tempo";
				INFOPLIST_KEY_NSMicrophoneUsageDescription = "This metronome listens for your voice commands (like \"start\" and \"faster\") and can detect the tempo of music you play nearby, so you can control it without touching the screen.";
				INFOPLIST_KEY_NSSpeechRecognitionUsageDescription = "Speech recognition is used to understand hands-free voice commands. Recognition runs on-device.";
				INFOPLIST_KEY_UISupportedInterfaceOrientations = "UIInterfaceOrientationPortrait UIInterfaceOrientationLandscapeLeft UIInterfaceOrientationLandscapeRight";
				IPHONEOS_DEPLOYMENT_TARGET = 18.0;
				LD_RUNPATH_SEARCH_PATHS = (
					"$(inherited)",
					"@executable_path/Frameworks",
				);
				MARKETING_VERSION = 1.0.2;
				PRODUCT_BUNDLE_IDENTIFIER = com.leeo.HandsFreeMetronome;
				PRODUCT_NAME = "$(TARGET_NAME)";
				SUPPORTED_PLATFORMS = "iphoneos iphonesimulator";
				SUPPORTS_MACCATALYST = NO;
				SWIFT_EMIT_LOC_STRINGS = YES;
				SWIFT_VERSION = 5.0;
				TARGETED_DEVICE_FAMILY = 1;
			};
			name = Release;
		};
/* End XCBuildConfiguration section */

/* Begin XCConfigurationList section */
		A1000060 /* Build configuration list for PBXNativeTarget "HandsFreeMetronome" */ = {
			isa = XCConfigurationList;
			buildConfigurations = (
				A1000064 /* Debug */,
				A1000065 /* Release */,
			);
			defaultConfigurationIsVisible = 0;
			defaultConfigurationName = Release;
		};
		A1000073 /* Build configuration list for PBXProject "HandsFreeMetronome" */ = {
			isa = XCConfigurationList;
			buildConfigurations = (
				A1000061 /* Debug */,
				A1000062 /* Release */,
			);
			defaultConfigurationIsVisible = 0;
			defaultConfigurationName = Release;
		};
/* End XCConfigurationList section */
	};
	rootObject = A1000070 /* Project object */;
}
